
Microsoft Visual Studio Solution File, Format Version 12.00
# Visual Studio Version 16
VisualStudioVersion = 16.0.28803.156
MinimumVisualStudioVersion = 10.0.40219.1
Project("{FAE04EC0-301F-11D3-BF4B-00C04F79EFBC}") = "Registreringsskylt Polis", "Registreringsskylt Polis\Registreringsskylt Polis.csproj", "{F5771157-F798-4B9B-9E32-E7F0DE0C6A9C}"
EndProject
Global
	GlobalSection(SolutionConfigurationPlatforms) = preSolution
		Debug|Any CPU = Debug|Any CPU
		Release|Any CPU = Release|Any CPU
	EndGlobalSection
	GlobalSection(ProjectConfigurationPlatforms) = postSolution
		{F5771157-F798-4B9B-9E32-E7F0DE0C6A9C}.Debug|Any CPU.ActiveCfg = Debug|Any CPU
		{F5771157-F798-4B9B-9E32-E7F0DE0C6A9C}.Debug|Any CPU.Build.0 = Debug|Any CPU
		{F5771157-F798-4B9B-9E32-E7F0DE0C6A9C}.Release|Any CPU.ActiveCfg = Release|Any CPU
		{F5771157-F798-4B9B-9E32-E7F0DE0C6A9C}.Release|Any CPU.Build.0 = Release|Any CPU
	EndGlobalSection
	GlobalSection(SolutionProperties) = preSolution
		HideSolutionNode = FALSE
	EndGlobalSection
	GlobalSection(ExtensibilityGlobals) = postSolution
		SolutionGuid = {0B0D7FFD-37A8-42C8-AC39-E654BB61A0A3}
	EndGlobalSection
EndGlobal
